
Microsoft Visual Studio Solution File, Format Version 12.00
# Visual Studio Version 17
VisualStudioVersion = 17.4.32912.340
MinimumVisualStudioVersion = 10.0.40219.1
Project("{FAE04EC0-301F-11D3-BF4B-00C04F79EFBC}") = "MyBigProject.Server", "MyBigProject.Server\MyBigProject.Server.csproj", "{84FEDBC5-3378-4826-B34C-6D3FEB0A1D2F}"
EndProject
Project("{FAE04EC0-301F-11D3-BF4B-00C04F79EFBC}") = "MyBigProject.Client", "MyBigProject.Client\MyBigProject.Client.csproj", "{C7ED0FF5-5D24-46C1-8CFC-9D66E267718B}"
EndProject
Project("{FAE04EC0-301F-11D3-BF4B-00C04F79EFBC}") = "MyBigProject.Shared", "MyBigProject.Shared\MyBigProject.Shared.csproj", "{474DF584-024E-4B15-9BAA-9C662991776F}"
EndProject
Global
	GlobalSection(SolutionConfigurationPlatforms) = preSolution
		Debug|Any CPU = Debug|Any CPU
		Release|Any CPU = Release|Any CPU
	EndGlobalSection
	GlobalSection(ProjectConfigurationPlatforms) = postSolution
		{84FEDBC5-3378-4826-B34C-6D3FEB0A1D2F}.Debug|Any CPU.ActiveCfg = Debug|Any CPU
		{84FEDBC5-3378-4826-B34C-6D3FEB0A1D2F}.Debug|Any CPU.Build.0 = Debug|Any CPU
		{84FEDBC5-3378-4826-B34C-6D3FEB0A1D2F}.Release|Any CPU.ActiveCfg = Release|Any CPU
		{84FEDBC5-3378-4826-B34C-6D3FEB0A1D2F}.Release|Any CPU.Build.0 = Release|Any CPU
		{C7ED0FF5-5D24-46C1-8CFC-9D66E267718B}.Debug|Any CPU.ActiveCfg = Debug|Any CPU
		{C7ED0FF5-5D24-46C1-8CFC-9D66E267718B}.Debug|Any CPU.Build.0 = Debug|Any CPU
		{C7ED0FF5-5D24-46C1-8CFC-9D66E267718B}.Release|Any CPU.ActiveCfg = Release|Any CPU
		{C7ED0FF5-5D24-46C1-8CFC-9D66E267718B}.Release|Any CPU.Build.0 = Release|Any CPU
		{474DF584-024E-4B15-9BAA-9C662991776F}.Debug|Any CPU.ActiveCfg = Debug|Any CPU
		{474DF584-024E-4B15-9BAA-9C662991776F}.Debug|Any CPU.Build.0 = Debug|Any CPU
		{474DF584-024E-4B15-9BAA-9C662991776F}.Release|Any CPU.ActiveCfg = Release|Any CPU
		{474DF584-024E-4B15-9BAA-9C662991776F}.Release|Any CPU.Build.0 = Release|Any CPU
	EndGlobalSection
	GlobalSection(SolutionProperties) = preSolution
		HideSolutionNode = FALSE
	EndGlobalSection
	GlobalSection(ExtensibilityGlobals) = postSolution
		SolutionGuid = {455D00D0-0DCF-480A-A350-1CB5B30BC0F2}
	EndGlobalSection
EndGlobal
